
Microsoft Visual Studio Solution File, Format Version 12.00
# Visual Studio 15
VisualStudioVersion = 15.0.28307.421
MinimumVisualStudioVersion = 10.0.40219.1
Project("{FAE04EC0-301F-11D3-BF4B-00C04F79EFBC}") = "AppResidencial.Android", "AppResidencial\AppResidencial.Android\AppResidencial.Android.csproj", "{F7807A2C-8C1B-48CF-AF42-1F481EE568BA}"
EndProject
Project("{FAE04EC0-301F-11D3-BF4B-00C04F79EFBC}") = "AppResidencial.iOS", "AppResidencial\AppResidencial.iOS\AppResidencial.iOS.csproj", "{C4E0F6AE-58AC-45AF-9234-855B3349CB05}"
EndProject
Project("{FAE04EC0-301F-11D3-BF4B-00C04F79EFBC}") = "AppResidencial", "AppResidencial\AppResidencial\AppResidencial.csproj", "{6F3FA911-09EA-41FE-AE62-1224DF593E18}"
EndProject
Global
	GlobalSection(SolutionConfigurationPlatforms) = preSolution
		Ad-Hoc|Any CPU = Ad-Hoc|Any CPU
		Ad-Hoc|iPhone = Ad-Hoc|iPhone
		Ad-Hoc|iPhoneSimulator = Ad-Hoc|iPhoneSimulator
		AppStore|Any CPU = AppStore|Any CPU
		AppStore|iPhone = AppStore|iPhone
		AppStore|iPhoneSimulator = AppStore|iPhoneSimulator
		Debug|Any CPU = Debug|Any CPU
		Debug|iPhone = Debug|iPhone
		Debug|iPhoneSimulator = Debug|iPhoneSimulator
		Release|Any CPU = Release|Any CPU
		Release|iPhone = Release|iPhone
		Release|iPhoneSimulator = Release|iPhoneSimulator
	EndGlobalSection
	GlobalSection(ProjectConfigurationPlatforms) = postSolution
		{F7807A2C-8C1B-48CF-AF42-1F481EE568BA}.Ad-Hoc|Any CPU.ActiveCfg = Release|Any CPU
		{F7807A2C-8C1B-48CF-AF42-1F481EE568BA}.Ad-Hoc|Any CPU.Build.0 = Release|Any CPU
		{F7807A2C-8C1B-48CF-AF42-1F481EE568BA}.Ad-Hoc|Any CPU.Deploy.0 = Release|Any CPU
		{F7807A2C-8C1B-48CF-AF42-1F481EE568BA}.Ad-Hoc|iPhone.ActiveCfg = Release|Any CPU
		{F7807A2C-8C1B-48CF-AF42-1F481EE568BA}.Ad-Hoc|iPhone.Build.0 = Release|Any CPU
		{F7807A2C-8C1B-48CF-AF42-1F481EE568BA}.Ad-Hoc|iPhone.Deploy.0 = Release|Any CPU
		{F7807A2C-8C1B-48CF-AF42-1F481EE568BA}.Ad-Hoc|iPhoneSimulator.ActiveCfg = Release|Any CPU
		{F7807A2C-8C1B-48CF-AF42-1F481EE568BA}.Ad-Hoc|iPhoneSimulator.Build.0 = Release|Any CPU
		{F7807A2C-8C1B-48CF-AF42-1F481EE568BA}.Ad-Hoc|iPhoneSimulator.Deploy.0 = Release|Any CPU
		{F7807A2C-8C1B-48CF-AF42-1F481EE568BA}.AppStore|Any CPU.ActiveCfg = Release|Any CPU
		{F7807A2C-8C1B-48CF-AF42-1F481EE568BA}.AppStore|Any CPU.Build.0 = Release|Any CPU
		{F7807A2C-8C1B-48CF-AF42-1F481EE568BA}.AppStore|Any CPU.Deploy.0 = Release|Any CPU
		{F7807A2C-8C1B-48CF-AF42-1F481EE568BA}.AppStore|iPhone.ActiveCfg = Release|Any CPU
		{F7807A2C-8C1B-48CF-AF42-1F481EE568BA}.AppStore|iPhone.Build.0 = Release|Any CPU
		{F7807A2C-8C1B-48CF-AF42-1F481EE568BA}.AppStore|iPhone.Deploy.0 = Release|Any CPU
		{F7807A2C-8C1B-48CF-AF42-1F481EE568BA}.AppStore|iPhoneSimulator.ActiveCfg = Release|Any CPU
		{F7807A2C-8C1B-48CF-AF42-1F481EE568BA}.AppStore|iPhoneSimulator.Build.0 = Release|Any CPU
		{F7807A2C-8C1B-48CF-AF42-1F481EE568BA}.AppStore|iPhoneSimulator.Deploy.0 = Release|Any CPU
		{F7807A2C-8C1B-48CF-AF42-1F481EE568BA}.Debug|Any CPU.ActiveCfg = Debug|Any CPU
		{F7807A2C-8C1B-48CF-AF42-1F481EE568BA}.Debug|Any CPU.Build.0 = Debug|Any CPU
		{F7807A2C-8C1B-48CF-AF42-1F481EE568BA}.Debug|Any CPU.Deploy.0 = Debug|Any CPU
		{F7807A2C-8C1B-48CF-AF42-1F481EE568BA}.Debug|iPhone.ActiveCfg = Debug|Any CPU
		{F7807A2C-8C1B-48CF-AF42-1F481EE568BA}.Debug|iPhone.Build.0 = Debug|Any CPU
		{F7807A2C-8C1B-48CF-AF42-1F481EE568BA}.Debug|iPhone.Deploy.0 = Debug|Any CPU
		{F7807A2C-8C1B-48CF-AF42-1F481EE568BA}.Debug|iPhoneSimulator.ActiveCfg = Debug|Any CPU
		{F7807A2C-8C1B-48CF-AF42-1F481EE568BA}.Debug|iPhoneSimulator.Build.0 = Debug|Any CPU
		{F7807A2C-8C1B-48CF-AF42-1F481EE568BA}.Debug|iPhoneSimulator.Deploy.0 = Debug|Any CPU
		{F7807A2C-8C1B-48CF-AF42-1F481EE568BA}.Release|Any CPU.ActiveCfg = Release|Any CPU
		{F7807A2C-8C1B-48CF-AF42-1F481EE568BA}.Release|Any CPU.Build.0 = Release|Any CPU
		{F7807A2C-8C1B-48CF-AF42-1F481EE568BA}.Release|Any CPU.Deploy.0 = Release|Any CPU
		{F7807A2C-8C1B-48CF-AF42-1F481EE568BA}.Release|iPhone.ActiveCfg = Release|Any CPU
		{F7807A2C-8C1B-48CF-AF42-1F481EE568BA}.Release|iPhone.Build.0 = Release|Any CPU
		{F7807A2C-8C1B-48CF-AF42-1F481EE568BA}.Release|iPhone.Deploy.0 = Release|Any CPU
		{F7807A2C-8C1B-48CF-AF42-1F481EE568BA}.Release|iPhoneSimulator.ActiveCfg = Release|Any CPU
		{F7807A2C-8C1B-48CF-AF42-1F481EE568BA}.Release|iPhoneSimulator.Build.0 = Release|Any CPU
		{F7807A2C-8C1B-48CF-AF42-1F481EE568BA}.Release|iPhoneSimulator.Deploy.0 = Release|Any CPU
		{C4E0F6AE-58AC-45AF-9234-855B3349CB05}.Ad-Hoc|Any CPU.ActiveCfg = Ad-Hoc|iPhone
		{C4E0F6AE-58AC-45AF-9234-855B3349CB05}.Ad-Hoc|Any CPU.Build.0 = Ad-Hoc|iPhone
		{C4E0F6AE-58AC-45AF-9234-855B3349CB05}.Ad-Hoc|Any CPU.Deploy.0 = Ad-Hoc|iPhone
		{C4E0F6AE-58AC-45AF-9234-855B3349CB05}.Ad-Hoc|iPhone.ActiveCfg = Ad-Hoc|iPhone
		{C4E0F6AE-58AC-45AF-9234-855B3349CB05}.Ad-Hoc|iPhone.Build.0 = Ad-Hoc|iPhone
		{C4E0F6AE-58AC-45AF-9234-855B3349CB05}.Ad-Hoc|iPhone.Deploy.0 = Ad-Hoc|iPhone
		{C4E0F6AE-58AC-45AF-9234-855B3349CB05}.Ad-Hoc|iPhoneSimulator.ActiveCfg = Ad-Hoc|iPhoneSimulator
		{C4E0F6AE-58AC-45AF-9234-855B3349CB05}.Ad-Hoc|iPhoneSimulator.Build.0 = Ad-Hoc|iPhoneSimulator
		{C4E0F6AE-58AC-45AF-9234-855B3349CB05}.Ad-Hoc|iPhoneSimulator.Deploy.0 = Ad-Hoc|iPhoneSimulator
		{C4E0F6AE-58AC-45AF-9234-855B3349CB05}.AppStore|Any CPU.ActiveCfg = AppStore|iPhone
		{C4E0F6AE-58AC-45AF-9234-855B3349CB05}.AppStore|Any CPU.Build.0 = AppStore|iPhone
		{C4E0F6AE-58AC-45AF-9234-855B3349CB05}.AppStore|Any CPU.Deploy.0 = AppStore|iPhone
		{C4E0F6AE-58AC-45AF-9234-855B3349CB05}.AppStore|iPhone.ActiveCfg = AppStore|iPhone
		{C4E0F6AE-58AC-45AF-9234-855B3349CB05}.AppStore|iPhone.Build.0 = AppStore|iPhone
		{C4E0F6AE-58AC-45AF-9234-855B3349CB05}.AppStore|iPhone.Deploy.0 = AppStore|iPhone
		{C4E0F6AE-58AC-45AF-9234-855B3349CB05}.AppStore|iPhoneSimulator.ActiveCfg = AppStore|iPhoneSimulator
		{C4E0F6AE-58AC-45AF-9234-855B3349CB05}.AppStore|iPhoneSimulator.Build.0 = AppStore|iPhoneSimulator
		{C4E0F6AE-58AC-45AF-9234-855B3349CB05}.AppStore|iPhoneSimulator.Deploy.0 = AppStore|iPhoneSimulator
		{C4E0F6AE-58AC-45AF-9234-855B3349CB05}.Debug|Any CPU.ActiveCfg = Debug|iPhoneSimulator
		{C4E0F6AE-58AC-45AF-9234-855B3349CB05}.Debug|Any CPU.Build.0 = Debug|iPhoneSimulator
		{C4E0F6AE-58AC-45AF-9234-855B3349CB05}.Debug|Any CPU.Deploy.0 = Debug|iPhoneSimulator
		{C4E0F6AE-58AC-45AF-9234-855B3349CB05}.Debug|iPhone.ActiveCfg = Debug|iPhone
		{C4E0F6AE-58AC-45AF-9234-855B3349CB05}.Debug|iPhone.Build.0 = Debug|iPhone
		{C4E0F6AE-58AC-45AF-9234-855B3349CB05}.Debug|iPhone.Deploy.0 = Debug|iPhone
		{C4E0F6AE-58AC-45AF-9234-855B3349CB05}.Debug|iPhoneSimulator.ActiveCfg = Debug|iPhoneSimulator
		{C4E0F6AE-58AC-45AF-9234-855B3349CB05}.Debug|iPhoneSimulator.Build.0 = Debug|iPhoneSimulator
		{C4E0F6AE-58AC-45AF-9234-855B3349CB05}.Debug|iPhoneSimulator.Deploy.0 = Debug|iPhoneSimulator
		{C4E0F6AE-58AC-45AF-9234-855B3349CB05}.Release|Any CPU.ActiveCfg = Release|iPhone
		{C4E0F6AE-58AC-45AF-9234-855B3349CB05}.Release|Any CPU.Build.0 = Release|iPhone
		{C4E0F6AE-58AC-45AF-9234-855B3349CB05}.Release|Any CPU.Deploy.0 = Release|iPhone
		{C4E0F6AE-58AC-45AF-9234-855B3349CB05}.Release|iPhone.ActiveCfg = Release|iPhone
		{C4E0F6AE-58AC-45AF-9234-855B3349CB05}.Release|iPhone.Build.0 = Release|iPhone
		{C4E0F6AE-58AC-45AF-9234-855B3349CB05}.Release|iPhone.Deploy.0 = Release|iPhone
		{C4E0F6AE-58AC-45AF-9234-855B3349CB05}.Release|iPhoneSimulator.ActiveCfg = Release|iPhoneSimulator
		{C4E0F6AE-58AC-45AF-9234-855B3349CB05}.Release|iPhoneSimulator.Build.0 = Release|iPhoneSimulator
		{C4E0F6AE-58AC-45AF-9234-855B3349CB05}.Release|iPhoneSimulator.Deploy.0 = Release|iPhoneSimulator
		{6F3FA911-09EA-41FE-AE62-1224DF593E18}.Ad-Hoc|Any CPU.ActiveCfg = Debug|Any CPU
		{6F3FA911-09EA-41FE-AE62-1224DF593E18}.Ad-Hoc|Any CPU.Build.0 = Debug|Any CPU
		{6F3FA911-09EA-41FE-AE62-1224DF593E18}.Ad-Hoc|Any CPU.Deploy.0 = Debug|Any CPU
		{6F3FA911-09EA-41FE-AE62-1224DF593E18}.Ad-Hoc|iPhone.ActiveCfg = Debug|Any CPU
		{6F3FA911-09EA-41FE-AE62-1224DF593E18}.Ad-Hoc|iPhone.Build.0 = Debug|Any CPU
		{6F3FA911-09EA-41FE-AE62-1224DF593E18}.Ad-Hoc|iPhone.Deploy.0 = Debug|Any CPU
		{6F3FA911-09EA-41FE-AE62-1224DF593E18}.Ad-Hoc|iPhoneSimulator.ActiveCfg = Debug|Any CPU
		{6F3FA911-09EA-41FE-AE62-1224DF593E18}.Ad-Hoc|iPhoneSimulator.Build.0 = Debug|Any CPU
		{6F3FA911-09EA-41FE-AE62-1224DF593E18}.Ad-Hoc|iPhoneSimulator.Deploy.0 = Debug|Any CPU
		{6F3FA911-09EA-41FE-AE62-1224DF593E18}.AppStore|Any CPU.ActiveCfg = Debug|Any CPU
		{6F3FA911-09EA-41FE-AE62-1224DF593E18}.AppStore|Any CPU.Build.0 = Debug|Any CPU
		{6F3FA911-09EA-41FE-AE62-1224DF593E18}.AppStore|Any CPU.Deploy.0 = Debug|Any CPU
		{6F3FA911-09EA-41FE-AE62-1224DF593E18}.AppStore|iPhone.ActiveCfg = Debug|Any CPU
		{6F3FA911-09EA-41FE-AE62-1224DF593E18}.AppStore|iPhone.Build.0 = Debug|Any CPU
		{6F3FA911-09EA-41FE-AE62-1224DF593E18}.AppStore|iPhone.Deploy.0 = Debug|Any CPU
		{6F3FA911-09EA-41FE-AE62-1224DF593E18}.AppStore|iPhoneSimulator.ActiveCfg = Debug|Any CPU
		{6F3FA911-09EA-41FE-AE62-1224DF593E18}.AppStore|iPhoneSimulator.Build.0 = Debug|Any CPU
		{6F3FA911-09EA-41FE-AE62-1224DF593E18}.AppStore|iPhoneSimulator.Deploy.0 = Debug|Any CPU
		{6F3FA911-09EA-41FE-AE62-1224DF593E18}.Debug|Any CPU.ActiveCfg = Debug|Any CPU
		{6F3FA911-09EA-41FE-AE62-1224DF593E18}.Debug|Any CPU.Build.0 = Debug|Any CPU
		{6F3FA911-09EA-41FE-AE62-1224DF593E18}.Debug|Any CPU.Deploy.0 = Debug|Any CPU
		{6F3FA911-09EA-41FE-AE62-1224DF593E18}.Debug|iPhone.ActiveCfg = Debug|Any CPU
		{6F3FA911-09EA-41FE-AE62-1224DF593E18}.Debug|iPhone.Build.0 = Debug|Any CPU
		{6F3FA911-09EA-41FE-AE62-1224DF593E18}.Debug|iPhone.Deploy.0 = Debug|Any CPU
		{6F3FA911-09EA-41FE-AE62-1224DF593E18}.Debug|iPhoneSimulator.ActiveCfg = Debug|Any CPU
		{6F3FA911-09EA-41FE-AE62-1224DF593E18}.Debug|iPhoneSimulator.Build.0 = Debug|Any CPU
		{6F3FA911-09EA-41FE-AE62-1224DF593E18}.Debug|iPhoneSimulator.Deploy.0 = Debug|Any CPU
		{6F3FA911-09EA-41FE-AE62-1224DF593E18}.Release|Any CPU.ActiveCfg = Release|Any CPU
		{6F3FA911-09EA-41FE-AE62-1224DF593E18}.Release|Any CPU.Build.0 = Release|Any CPU
		{6F3FA911-09EA-41FE-AE62-1224DF593E18}.Release|Any CPU.Deploy.0 = Release|Any CPU
		{6F3FA911-09EA-41FE-AE62-1224DF593E18}.Release|iPhone.ActiveCfg = Release|Any CPU
		{6F3FA911-09EA-41FE-AE62-1224DF593E18}.Release|iPhone.Build.0 = Release|Any CPU
		{6F3FA911-09EA-41FE-AE62-1224DF593E18}.Release|iPhone.Deploy.0 = Release|Any CPU
		{6F3FA911-09EA-41FE-AE62-1224DF593E18}.Release|iPhoneSimulator.ActiveCfg = Release|Any CPU
		{6F3FA911-09EA-41FE-AE62-1224DF593E18}.Release|iPhoneSimulator.Build.0 = Release|Any CPU
		{6F3FA911-09EA-41FE-AE62-1224DF593E18}.Release|iPhoneSimulator.Deploy.0 = Release|Any CPU
	EndGlobalSection
	GlobalSection(SolutionProperties) = preSolution
		HideSolutionNode = FALSE
	EndGlobalSection
	GlobalSection(ExtensibilityGlobals) = postSolution
		SolutionGuid = {593F6923-F713-409F-89E2-04E0BAEC35CD}
	EndGlobalSection
EndGlobal
